// !$*UTF8*$!
{
	archiveVersion = 1;
	classes = {
	};
	objectVersion = 46;
	objects = {

/* Begin PBXBuildFile section */
		2F997E2D794E8BEA4F05E20F /* libPods-SystemPreference.a in Frameworks */ = {isa = PBXBuildFile; fileRef = 82155632031209E4127E5285 /* libPods-SystemPreference.a */; };
		3E36C8871C17C8390003DF50 /* main.m in Sources */ = {isa = PBXBuildFile; fileRef = 3E36C8861C17C8390003DF50 /* main.m */; };
		3E36C88A1C17C8390003DF50 /* AppDelegate.m in Sources */ = {isa = PBXBuildFile; fileRef = 3E36C8891C17C8390003DF50 /* AppDelegate.m */; };
		3E36C88D1C17C8390003DF50 /* ViewController.m in Sources */ = {isa = PBXBuildFile; fileRef = 3E36C88C1C17C8390003DF50 /* ViewController.m */; };
		3E36C8901C17C8390003DF50 /* Main.storyboard in Resources */ = {isa = PBXBuildFile; fileRef = 3E36C88E1C17C8390003DF50 /* Main.storyboard */; };
		3E36C8921C17C8390003DF50 /* Assets.xcassets in Resources */ = {isa = PBXBuildFile; fileRef = 3E36C8911C17C8390003DF50 /* Assets.xcassets */; };
		3E36C8951C17C8390003DF50 /* LaunchScreen.storyboard in Resources */ = {isa = PBXBuildFile; fileRef = 3E36C8931C17C8390003DF50 /* LaunchScreen.storyboard */; };
		3E36C89F1C17C9E20003DF50 /* MKSystemPreferenceListController.m in Sources */ = {isa = PBXBuildFile; fileRef = 3E36C89E1C17C9E20003DF50 /* MKSystemPreferenceListController.m */; };
		3E36C8A31C17CA1D0003DF50 /* MKSystemPreferenceCell.m in Sources */ = {isa = PBXBuildFile; fileRef = 3E36C8A11C17CA1D0003DF50 /* MKSystemPreferenceCell.m */; };
		3E36C8A41C17CA1D0003DF50 /* MKSystemPreferenceCell.xib in Resources */ = {isa = PBXBuildFile; fileRef = 3E36C8A21C17CA1D0003DF50 /* MKSystemPreferenceCell.xib */; };
		3E36C8AE1C1808EF0003DF50 /* NotificationCenter.framework in Frameworks */ = {isa = PBXBuildFile; fileRef = 3E36C8AD1C1808EF0003DF50 /* NotificationCenter.framework */; };
		3E36C8B21C1808EF0003DF50 /* TodayViewController.m in Sources */ = {isa = PBXBuildFile; fileRef = 3E36C8B11C1808EF0003DF50 /* TodayViewController.m */; };
		3E36C8B51C1808EF0003DF50 /* MainInterface.storyboard in Resources */ = {isa = PBXBuildFile; fileRef = 3E36C8B31C1808EF0003DF50 /* MainInterface.storyboard */; };
		3E36C8B91C1808EF0003DF50 /* SystemPreference.appex in Embed App Extensions */ = {isa = PBXBuildFile; fileRef = 3E36C8AB1C1808EF0003DF50 /* SystemPreference.appex */; settings = {ATTRIBUTES = (RemoveHeadersOnCopy, ); }; };
		3E36C8BE1C1821440003DF50 /* Assets.xcassets in Resources */ = {isa = PBXBuildFile; fileRef = 3E36C8911C17C8390003DF50 /* Assets.xcassets */; };
		3E4B8AEC1C2A41B60018865A /* MKSystemCollectionViewCell.m in Sources */ = {isa = PBXBuildFile; fileRef = 3E4B8AEA1C2A41B60018865A /* MKSystemCollectionViewCell.m */; };
		3E4B8AED1C2A41B60018865A /* MKSystemCollectionViewCell.xib in Resources */ = {isa = PBXBuildFile; fileRef = 3E4B8AEB1C2A41B60018865A /* MKSystemCollectionViewCell.xib */; };
		3E4B8AF11C2A41D20018865A /* MKSystemCollectionViewController.m in Sources */ = {isa = PBXBuildFile; fileRef = 3E4B8AF01C2A41D20018865A /* MKSystemCollectionViewController.m */; };
		3EA590211C2D2DFD00DEFFA9 /* MKCustomButton.m in Sources */ = {isa = PBXBuildFile; fileRef = 3EA590201C2D2DFD00DEFFA9 /* MKCustomButton.m */; };
		3EA590221C2D2DFD00DEFFA9 /* MKCustomButton.m in Sources */ = {isa = PBXBuildFile; fileRef = 3EA590201C2D2DFD00DEFFA9 /* MKCustomButton.m */; };
		3EEEAFDA1C192984004DD93E /* DataJson.json in Resources */ = {isa = PBXBuildFile; fileRef = 3EEEAFD91C192984004DD93E /* DataJson.json */; };
		3EEEAFDE1C192F76004DD93E /* MKSystemPreferenceModel.m in Sources */ = {isa = PBXBuildFile; fileRef = 3EEEAFDD1C192F76004DD93E /* MKSystemPreferenceModel.m */; };
		3EEEAFE11C192FA4004DD93E /* MKSystemPreferenceItem.m in Sources */ = {isa = PBXBuildFile; fileRef = 3EEEAFE01C192FA4004DD93E /* MKSystemPreferenceItem.m */; };
		3EEEAFE21C19571B004DD93E /* MKSystemPreferenceItem.m in Sources */ = {isa = PBXBuildFile; fileRef = 3EEEAFE01C192FA4004DD93E /* MKSystemPreferenceItem.m */; };
		3EEEAFE31C19571D004DD93E /* MKSystemPreferenceModel.m in Sources */ = {isa = PBXBuildFile; fileRef = 3EEEAFDD1C192F76004DD93E /* MKSystemPreferenceModel.m */; };
		3EEEAFE41C195B0A004DD93E /* DataJson.json in Resources */ = {isa = PBXBuildFile; fileRef = 3EEEAFD91C192984004DD93E /* DataJson.json */; };
		3EF48E0F1C196AE80038F99F /* SystemPreferenceDemo.entitlements in Resources */ = {isa = PBXBuildFile; fileRef = 3EF48E0D1C19669A0038F99F /* SystemPreferenceDemo.entitlements */; };
		3EF48E101C196AE90038F99F /* SystemPreferenceDemo.entitlements in Resources */ = {isa = PBXBuildFile; fileRef = 3EF48E0D1C19669A0038F99F /* SystemPreferenceDemo.entitlements */; };
		B00F83641E14D33DF5A7BDDD /* libPods-SystemPreferenceDemo.a in Frameworks */ = {isa = PBXBuildFile; fileRef = DC7E9BF01C9CC33FC70CB2CC /* libPods-SystemPreferenceDemo.a */; };
/* End PBXBuildFile section */

/* Begin PBXContainerItemProxy section */
		3E36C8B71C1808EF0003DF50 /* PBXContainerItemProxy */ = {
			isa = PBXContainerItemProxy;
			containerPortal = 3E36C87A1C17C8380003DF50 /* Project object */;
			proxyType = 1;
			remoteGlobalIDString = 3E36C8AA1C1808EF0003DF50;
			remoteInfo = SystemPreference;
		};
/* End PBXContainerItemProxy section */

/* Begin PBXCopyFilesBuildPhase section */
		3E36C8BD1C1808EF0003DF50 /* Embed App Extensions */ = {
			isa = PBXCopyFilesBuildPhase;
			buildActionMask = 2147483647;
			dstPath = "";
			dstSubfolderSpec = 13;
			files = (
				3E36C8B91C1808EF0003DF50 /* SystemPreference.appex in Embed App Extensions */,
			);
			name = "Embed App Extensions";
			runOnlyForDeploymentPostprocessing = 0;
		};
/* End PBXCopyFilesBuildPhase section */

/* Begin PBXFileReference section */
		19F7EB69ED2952C6B6EEBBB3 /* Pods-SystemPreference.debug.xcconfig */ = {isa = PBXFileReference; includeInIndex = 1; lastKnownFileType = text.xcconfig; name = "Pods-SystemPreference.debug.xcconfig"; path = "Pods/Target Support Files/Pods-SystemPreference/Pods-SystemPreference.debug.xcconfig"; sourceTree = "<group>"; };
		3E36C8821C17C8390003DF50 /* SystemPreferenceDemo.app */ = {isa = PBXFileReference; explicitFileType = wrapper.application; includeInIndex = 0; path = SystemPreferenceDemo.app; sourceTree = BUILT_PRODUCTS_DIR; };
		3E36C8861C17C8390003DF50 /* main.m */ = {isa = PBXFileReference; lastKnownFileType = sourcecode.c.objc; path = main.m; sourceTree = "<group>"; };
		3E36C8881C17C8390003DF50 /* AppDelegate.h */ = {isa = PBXFileReference; lastKnownFileType = sourcecode.c.h; path = AppDelegate.h; sourceTree = "<group>"; };
		3E36C8891C17C8390003DF50 /* AppDelegate.m */ = {isa = PBXFileReference; lastKnownFileType = sourcecode.c.objc; path = AppDelegate.m; sourceTree = "<group>"; };
		3E36C88B1C17C8390003DF50 /* ViewController.h */ = {isa = PBXFileReference; lastKnownFileType = sourcecode.c.h; path = ViewController.h; sourceTree = "<group>"; };
		3E36C88C1C17C8390003DF50 /* ViewController.m */ = {isa = PBXFileReference; lastKnownFileType = sourcecode.c.objc; path = ViewController.m; sourceTree = "<group>"; };
		3E36C88F1C17C8390003DF50 /* Base */ = {isa = PBXFileReference; lastKnownFileType = file.storyboard; name = Base; path = Base.lproj/Main.storyboard; sourceTree = "<group>"; };
		3E36C8911C17C8390003DF50 /* Assets.xcassets */ = {isa = PBXFileReference; lastKnownFileType = folder.assetcatalog; path = Assets.xcassets; sourceTree = "<group>"; };
		3E36C8941C17C8390003DF50 /* Base */ = {isa = PBXFileReference; lastKnownFileType = file.storyboard; name = Base; path = Base.lproj/LaunchScreen.storyboard; sourceTree = "<group>"; };
		3E36C8961C17C8390003DF50 /* Info.plist */ = {isa = PBXFileReference; lastKnownFileType = text.plist.xml; path = Info.plist; sourceTree = "<group>"; };
		3E36C89D1C17C9E20003DF50 /* MKSystemPreferenceListController.h */ = {isa = PBXFileReference; fileEncoding = 4; lastKnownFileType = sourcecode.c.h; path = MKSystemPreferenceListController.h; sourceTree = "<group>"; };
		3E36C89E1C17C9E20003DF50 /* MKSystemPreferenceListController.m */ = {isa = PBXFileReference; fileEncoding = 4; lastKnownFileType = sourcecode.c.objc; path = MKSystemPreferenceListController.m; sourceTree = "<group>"; };
		3E36C8A01C17CA1D0003DF50 /* MKSystemPreferenceCell.h */ = {isa = PBXFileReference; fileEncoding = 4; lastKnownFileType = sourcecode.c.h; path = MKSystemPreferenceCell.h; sourceTree = "<group>"; };
		3E36C8A11C17CA1D0003DF50 /* MKSystemPreferenceCell.m */ = {isa = PBXFileReference; fileEncoding = 4; lastKnownFileType = sourcecode.c.objc; path = MKSystemPreferenceCell.m; sourceTree = "<group>"; };
		3E36C8A21C17CA1D0003DF50 /* MKSystemPreferenceCell.xib */ = {isa = PBXFileReference; fileEncoding = 4; lastKnownFileType = file.xib; path = MKSystemPreferenceCell.xib; sourceTree = "<group>"; };
		3E36C8AB1C1808EF0003DF50 /* SystemPreference.appex */ = {isa = PBXFileReference; explicitFileType = "wrapper.app-extension"; includeInIndex = 0; path = SystemPreference.appex; sourceTree = BUILT_PRODUCTS_DIR; };
		3E36C8AD1C1808EF0003DF50 /* NotificationCenter.framework */ = {isa = PBXFileReference; lastKnownFileType = wrapper.framework; name = NotificationCenter.framework; path = System/Library/Frameworks/NotificationCenter.framework; sourceTree = SDKROOT; };
		3E36C8B01C1808EF0003DF50 /* TodayViewController.h */ = {isa = PBXFileReference; lastKnownFileType = sourcecode.c.h; path = TodayViewController.h; sourceTree = "<group>"; };
		3E36C8B11C1808EF0003DF50 /* TodayViewController.m */ = {isa = PBXFileReference; lastKnownFileType = sourcecode.c.objc; path = TodayViewController.m; sourceTree = "<group>"; };
		3E36C8B41C1808EF0003DF50 /* Base */ = {isa = PBXFileReference; lastKnownFileType = file.storyboard; name = Base; path = Base.lproj/MainInterface.storyboard; sourceTree = "<group>"; };
		3E36C8B61C1808EF0003DF50 /* Info.plist */ = {isa = PBXFileReference; lastKnownFileType = text.plist.xml; path = Info.plist; sourceTree = "<group>"; };
		3E4B8AE91C2A41B60018865A /* MKSystemCollectionViewCell.h */ = {isa = PBXFileReference; fileEncoding = 4; lastKnownFileType = sourcecode.c.h; path = MKSystemCollectionViewCell.h; sourceTree = "<group>"; };
		3E4B8AEA1C2A41B60018865A /* MKSystemCollectionViewCell.m */ = {isa = PBXFileReference; fileEncoding = 4; lastKnownFileType = sourcecode.c.objc; path = MKSystemCollectionViewCell.m; sourceTree = "<group>"; };
		3E4B8AEB1C2A41B60018865A /* MKSystemCollectionViewCell.xib */ = {isa = PBXFileReference; fileEncoding = 4; lastKnownFileType = file.xib; path = MKSystemCollectionViewCell.xib; sourceTree = "<group>"; };
		3E4B8AEF1C2A41D20018865A /* MKSystemCollectionViewController.h */ = {isa = PBXFileReference; fileEncoding = 4; lastKnownFileType = sourcecode.c.h; path = MKSystemCollectionViewController.h; sourceTree = "<group>"; };
		3E4B8AF01C2A41D20018865A /* MKSystemCollectionViewController.m */ = {isa = PBXFileReference; fileEncoding = 4; lastKnownFileType = sourcecode.c.objc; path = MKSystemCollectionViewController.m; sourceTree = "<group>"; };
		3EA5901F1C2D2DFD00DEFFA9 /* MKCustomButton.h */ = {isa = PBXFileReference; fileEncoding = 4; lastKnownFileType = sourcecode.c.h; path = MKCustomButton.h; sourceTree = "<group>"; };
		3EA590201C2D2DFD00DEFFA9 /* MKCustomButton.m */ = {isa = PBXFileReference; fileEncoding = 4; lastKnownFileType = sourcecode.c.objc; path = MKCustomButton.m; sourceTree = "<group>"; };
		3EEEAFD91C192984004DD93E /* DataJson.json */ = {isa = PBXFileReference; fileEncoding = 4; lastKnownFileType = text.json; path = DataJson.json; sourceTree = "<group>"; };
		3EEEAFDC1C192F76004DD93E /* MKSystemPreferenceModel.h */ = {isa = PBXFileReference; fileEncoding = 4; lastKnownFileType = sourcecode.c.h; path = MKSystemPreferenceModel.h; sourceTree = "<group>"; };
		3EEEAFDD1C192F76004DD93E /* MKSystemPreferenceModel.m */ = {isa = PBXFileReference; fileEncoding = 4; lastKnownFileType = sourcecode.c.objc; path = MKSystemPreferenceModel.m; sourceTree = "<group>"; };
		3EEEAFDF1C192FA4004DD93E /* MKSystemPreferenceItem.h */ = {isa = PBXFileReference; fileEncoding = 4; lastKnownFileType = sourcecode.c.h; path = MKSystemPreferenceItem.h; sourceTree = "<group>"; };
		3EEEAFE01C192FA4004DD93E /* MKSystemPreferenceItem.m */ = {isa = PBXFileReference; fileEncoding = 4; lastKnownFileType = sourcecode.c.objc; path = MKSystemPreferenceItem.m; sourceTree = "<group>"; };
		3EF48E0D1C19669A0038F99F /* SystemPreferenceDemo.entitlements */ = {isa = PBXFileReference; lastKnownFileType = text.xml; path = SystemPreferenceDemo.entitlements; sourceTree = "<group>"; };
		3EF48E0E1C196ACF0038F99F /* SystemPreference.entitlements */ = {isa = PBXFileReference; lastKnownFileType = text.xml; path = SystemPreference.entitlements; sourceTree = "<group>"; };
		46799EDD4BD3BD5A420440E4 /* Pods-SystemPreferenceDemo.release.xcconfig */ = {isa = PBXFileReference; includeInIndex = 1; lastKnownFileType = text.xcconfig; name = "Pods-SystemPreferenceDemo.release.xcconfig"; path = "Pods/Target Support Files/Pods-SystemPreferenceDemo/Pods-SystemPreferenceDemo.release.xcconfig"; sourceTree = "<group>"; };
		82155632031209E4127E5285 /* libPods-SystemPreference.a */ = {isa = PBXFileReference; explicitFileType = archive.ar; includeInIndex = 0; path = "libPods-SystemPreference.a"; sourceTree = BUILT_PRODUCTS_DIR; };
		92EEADCA53FD9161A6531D70 /* Pods-SystemPreference.release.xcconfig */ = {isa = PBXFileReference; includeInIndex = 1; lastKnownFileType = text.xcconfig; name = "Pods-SystemPreference.release.xcconfig"; path = "Pods/Target Support Files/Pods-SystemPreference/Pods-SystemPreference.release.xcconfig"; sourceTree = "<group>"; };
		DC7E9BF01C9CC33FC70CB2CC /* libPods-SystemPreferenceDemo.a */ = {isa = PBXFileReference; explicitFileType = archive.ar; includeInIndex = 0; path = "libPods-SystemPreferenceDemo.a"; sourceTree = BUILT_PRODUCTS_DIR; };
		FD342EA76930D1F84E666A39 /* Pods-SystemPreferenceDemo.debug.xcconfig */ = {isa = PBXFileReference; includeInIndex = 1; lastKnownFileType = text.xcconfig; name = "Pods-SystemPreferenceDemo.debug.xcconfig"; path = "Pods/Target Support Files/Pods-SystemPreferenceDemo/Pods-SystemPreferenceDemo.debug.xcconfig"; sourceTree = "<group>"; };
/* End PBXFileReference section */

/* Begin PBXFrameworksBuildPhase section */
		3E36C87F1C17C8380003DF50 /* Frameworks */ = {
			isa = PBXFrameworksBuildPhase;
			buildActionMask = 2147483647;
			files = (
				B00F83641E14D33DF5A7BDDD /* libPods-SystemPreferenceDemo.a in Frameworks */,
			);
			runOnlyForDeploymentPostprocessing = 0;
		};
		3E36C8A81C1808EF0003DF50 /* Frameworks */ = {
			isa = PBXFrameworksBuildPhase;
			buildActionMask = 2147483647;
			files = (
				3E36C8AE1C1808EF0003DF50 /* NotificationCenter.framework in Frameworks */,
				2F997E2D794E8BEA4F05E20F /* libPods-SystemPreference.a in Frameworks */,
			);
			runOnlyForDeploymentPostprocessing = 0;
		};
/* End PBXFrameworksBuildPhase section */

/* Begin PBXGroup section */
		3E36C8791C17C8380003DF50 = {
			isa = PBXGroup;
			children = (
				3EEEAFD91C192984004DD93E /* DataJson.json */,
				3E36C8841C17C8390003DF50 /* SystemPreferenceDemo */,
				3E36C8AF1C1808EF0003DF50 /* SystemPreference */,
				3E36C8AC1C1808EF0003DF50 /* Frameworks */,
				3E36C8831C17C8390003DF50 /* Products */,
				8BF917DB82D346CF63E0C2E7 /* Pods */,
			);
			sourceTree = "<group>";
		};
		3E36C8831C17C8390003DF50 /* Products */ = {
			isa = PBXGroup;
			children = (
				3E36C8821C17C8390003DF50 /* SystemPreferenceDemo.app */,
				3E36C8AB1C1808EF0003DF50 /* SystemPreference.appex */,
			);
			name = Products;
			sourceTree = "<group>";
		};
		3E36C8841C17C8390003DF50 /* SystemPreferenceDemo */ = {
			isa = PBXGroup;
			children = (
				3EF48E0D1C19669A0038F99F /* SystemPreferenceDemo.entitlements */,
				3E36C89C1C17C8DD0003DF50 /* systemPreferenceList */,
				3E36C8851C17C8390003DF50 /* Supporting Files */,
			);
			path = SystemPreferenceDemo;
			sourceTree = "<group>";
		};
		3E36C8851C17C8390003DF50 /* Supporting Files */ = {
			isa = PBXGroup;
			children = (
				3E36C8881C17C8390003DF50 /* AppDelegate.h */,
				3E36C8891C17C8390003DF50 /* AppDelegate.m */,
				3E36C88B1C17C8390003DF50 /* ViewController.h */,
				3E36C88C1C17C8390003DF50 /* ViewController.m */,
				3E36C88E1C17C8390003DF50 /* Main.storyboard */,
				3E36C8861C17C8390003DF50 /* main.m */,
				3E36C8911C17C8390003DF50 /* Assets.xcassets */,
				3E36C8931C17C8390003DF50 /* LaunchScreen.storyboard */,
				3E36C8961C17C8390003DF50 /* Info.plist */,
			);
			name = "Supporting Files";
			sourceTree = "<group>";
		};
		3E36C89C1C17C8DD0003DF50 /* systemPreferenceList */ = {
			isa = PBXGroup;
			children = (
				3EEEAFDB1C192F4F004DD93E /* model */,
				3EA5901E1C2D2DDD00DEFFA9 /* CustomButton */,
				3E4B8AE71C2A41770018865A /* collectionViewController */,
				3E4B8AE61C2A416F0018865A /* tableViewController */,
			);
			name = systemPreferenceList;
			sourceTree = "<group>";
		};
		3E36C8A51C17CA230003DF50 /* view */ = {
			isa = PBXGroup;
			children = (
				3E36C8A01C17CA1D0003DF50 /* MKSystemPreferenceCell.h */,
				3E36C8A11C17CA1D0003DF50 /* MKSystemPreferenceCell.m */,
				3E36C8A21C17CA1D0003DF50 /* MKSystemPreferenceCell.xib */,
			);
			name = view;
			sourceTree = "<group>";
		};
		3E36C8A61C17CA2C0003DF50 /* controller */ = {
			isa = PBXGroup;
			children = (
				3E36C89D1C17C9E20003DF50 /* MKSystemPreferenceListController.h */,
				3E36C89E1C17C9E20003DF50 /* MKSystemPreferenceListController.m */,
			);
			name = controller;
			sourceTree = "<group>";
		};
		3E36C8AC1C1808EF0003DF50 /* Frameworks */ = {
			isa = PBXGroup;
			children = (
				3E36C8AD1C1808EF0003DF50 /* NotificationCenter.framework */,
				DC7E9BF01C9CC33FC70CB2CC /* libPods-SystemPreferenceDemo.a */,
				82155632031209E4127E5285 /* libPods-SystemPreference.a */,
			);
			name = Frameworks;
			sourceTree = "<group>";
		};
		3E36C8AF1C1808EF0003DF50 /* SystemPreference */ = {
			isa = PBXGroup;
			children = (
				3EF48E0E1C196ACF0038F99F /* SystemPreference.entitlements */,
				3E36C8B01C1808EF0003DF50 /* TodayViewController.h */,
				3E36C8B11C1808EF0003DF50 /* TodayViewController.m */,
				3E36C8B31C1808EF0003DF50 /* MainInterface.storyboard */,
				3E36C8B61C1808EF0003DF50 /* Info.plist */,
			);
			path = SystemPreference;
			sourceTree = "<group>";
		};
		3E4B8AE61C2A416F0018865A /* tableViewController */ = {
			isa = PBXGroup;
			children = (
				3E36C8A61C17CA2C0003DF50 /* controller */,
				3E36C8A51C17CA230003DF50 /* view */,
			);
			name = tableViewController;
			sourceTree = "<group>";
		};
		3E4B8AE71C2A41770018865A /* collectionViewController */ = {
			isa = PBXGroup;
			children = (
				3E4B8AEE1C2A41BD0018865A /* controller */,
				3E4B8AE81C2A418F0018865A /* view */,
			);
			name = collectionViewController;
			sourceTree = "<group>";
		};
		3E4B8AE81C2A418F0018865A /* view */ = {
			isa = PBXGroup;
			children = (
				3E4B8AE91C2A41B60018865A /* MKSystemCollectionViewCell.h */,
				3E4B8AEA1C2A41B60018865A /* MKSystemCollectionViewCell.m */,
				3E4B8AEB1C2A41B60018865A /* MKSystemCollectionViewCell.xib */,
			);
			name = view;
			sourceTree = "<group>";
		};
		3E4B8AEE1C2A41BD0018865A /* controller */ = {
			isa = PBXGroup;
			children = (
				3E4B8AEF1C2A41D20018865A /* MKSystemCollectionViewController.h */,
				3E4B8AF01C2A41D20018865A /* MKSystemCollectionViewController.m */,
			);
			name = controller;
			sourceTree = "<group>";
		};
		3EA5901E1C2D2DDD00DEFFA9 /* CustomButton */ = {
			isa = PBXGroup;
			children = (
				3EA5901F1C2D2DFD00DEFFA9 /* MKCustomButton.h */,
				3EA590201C2D2DFD00DEFFA9 /* MKCustomButton.m */,
			);
			name = CustomButton;
			sourceTree = "<group>";
		};
		3EEEAFDB1C192F4F004DD93E /* model */ = {
			isa = PBXGroup;
			children = (
				3EEEAFDC1C192F76004DD93E /* MKSystemPreferenceModel.h */,
				3EEEAFDD1C192F76004DD93E /* MKSystemPreferenceModel.m */,
				3EEEAFDF1C192FA4004DD93E /* MKSystemPreferenceItem.h */,
				3EEEAFE01C192FA4004DD93E /* MKSystemPreferenceItem.m */,
			);
			name = model;
			sourceTree = "<group>";
		};
		8BF917DB82D346CF63E0C2E7 /* Pods */ = {
			isa = PBXGroup;
			children = (
				FD342EA76930D1F84E666A39 /* Pods-SystemPreferenceDemo.debug.xcconfig */,
				46799EDD4BD3BD5A420440E4 /* Pods-SystemPreferenceDemo.release.xcconfig */,
				19F7EB69ED2952C6B6EEBBB3 /* Pods-SystemPreference.debug.xcconfig */,
				92EEADCA53FD9161A6531D70 /* Pods-SystemPreference.release.xcconfig */,
			);
			name = Pods;
			sourceTree = "<group>";
		};
/* End PBXGroup section */

/* Begin PBXNativeTarget section */
		3E36C8811C17C8380003DF50 /* SystemPreferenceDemo */ = {
			isa = PBXNativeTarget;
			buildConfigurationList = 3E36C8991C17C8390003DF50 /* Build configuration list for PBXNativeTarget "SystemPreferenceDemo" */;
			buildPhases = (
				EE351FA24BFB62D498F7D382 /* Check Pods Manifest.lock */,
				3E36C87E1C17C8380003DF50 /* Sources */,
				3E36C87F1C17C8380003DF50 /* Frameworks */,
				3E36C8801C17C8380003DF50 /* Resources */,
				3E36C8BD1C1808EF0003DF50 /* Embed App Extensions */,
				308957297AA24B650811E083 /* Embed Pods Frameworks */,
				233BE27557A0939A68BF80B9 /* Copy Pods Resources */,
			);
			buildRules = (
			);
			dependencies = (
				3E36C8B81C1808EF0003DF50 /* PBXTargetDependency */,
			);
			name = SystemPreferenceDemo;
			productName = SystemPreferenceDemo;
			productReference = 3E36C8821C17C8390003DF50 /* SystemPreferenceDemo.app */;
			productType = "com.apple.product-type.application";
		};
		3E36C8AA1C1808EF0003DF50 /* SystemPreference */ = {
			isa = PBXNativeTarget;
			buildConfigurationList = 3E36C8BA1C1808EF0003DF50 /* Build configuration list for PBXNativeTarget "SystemPreference" */;
			buildPhases = (
				554492647915532A5571CE6B /* Check Pods Manifest.lock */,
				3E36C8A71C1808EF0003DF50 /* Sources */,
				3E36C8A81C1808EF0003DF50 /* Frameworks */,
				3E36C8A91C1808EF0003DF50 /* Resources */,
				E248C13981B6725A1C5E04A5 /* Embed Pods Frameworks */,
				E26356E5924E48E2AA81EB7C /* Copy Pods Resources */,
			);
			buildRules = (
			);
			dependencies = (
			);
			name = SystemPreference;
			productName = SystemPreference;
			productReference = 3E36C8AB1C1808EF0003DF50 /* SystemPreference.appex */;
			productType = "com.apple.product-type.app-extension";
		};
/* End PBXNativeTarget section */

/* Begin PBXProject section */
		3E36C87A1C17C8380003DF50 /* Project object */ = {
			isa = PBXProject;
			attributes = {
				LastUpgradeCheck = 0710;
				ORGANIZATIONNAME = wiwide;
				TargetAttributes = {
					3E36C8811C17C8380003DF50 = {
						CreatedOnToolsVersion = 7.1.1;
						DevelopmentTeam = K5A22TUXRY;
						SystemCapabilities = {
							com.apple.ApplicationGroups.iOS = {
								enabled = 1;
							};
						};
					};
					3E36C8AA1C1808EF0003DF50 = {
						CreatedOnToolsVersion = 7.1.1;
						DevelopmentTeam = K5A22TUXRY;
						SystemCapabilities = {
							com.apple.ApplicationGroups.iOS = {
								enabled = 1;
							};
						};
					};
				};
			};
			buildConfigurationList = 3E36C87D1C17C8380003DF50 /* Build configuration list for PBXProject "SystemPreferenceDemo" */;
			compatibilityVersion = "Xcode 3.2";
			developmentRegion = English;
			hasScannedForEncodings = 0;
			knownRegions = (
				en,
				Base,
			);
			mainGroup = 3E36C8791C17C8380003DF50;
			productRefGroup = 3E36C8831C17C8390003DF50 /* Products */;
			projectDirPath = "";
			projectRoot = "";
			targets = (
				3E36C8811C17C8380003DF50 /* SystemPreferenceDemo */,
				3E36C8AA1C1808EF0003DF50 /* SystemPreference */,
			);
		};
/* End PBXProject section */

/* Begin PBXResourcesBuildPhase section */
		3E36C8801C17C8380003DF50 /* Resources */ = {
			isa = PBXResourcesBuildPhase;
			buildActionMask = 2147483647;
			files = (
				3E36C8951C17C8390003DF50 /* LaunchScreen.storyboard in Resources */,
				3E36C8921C17C8390003DF50 /* Assets.xcassets in Resources */,
				3E4B8AED1C2A41B60018865A /* MKSystemCollectionViewCell.xib in Resources */,
				3EF48E0F1C196AE80038F99F /* SystemPreferenceDemo.entitlements in Resources */,
				3E36C8901C17C8390003DF50 /* Main.storyboard in Resources */,
				3EEEAFDA1C192984004DD93E /* DataJson.json in Resources */,
				3E36C8A41C17CA1D0003DF50 /* MKSystemPreferenceCell.xib in Resources */,
			);
			runOnlyForDeploymentPostprocessing = 0;
		};
		3E36C8A91C1808EF0003DF50 /* Resources */ = {
			isa = PBXResourcesBuildPhase;
			buildActionMask = 2147483647;
			files = (
				3EF48E101C196AE90038F99F /* SystemPreferenceDemo.entitlements in Resources */,
				3EEEAFE41C195B0A004DD93E /* DataJson.json in Resources */,
				3E36C8BE1C1821440003DF50 /* Assets.xcassets in Resources */,
				3E36C8B51C1808EF0003DF50 /* MainInterface.storyboard in Resources */,
			);
			runOnlyForDeploymentPostprocessing = 0;
		};
/* End PBXResourcesBuildPhase section */

/* Begin PBXShellScriptBuildPhase section */
		233BE27557A0939A68BF80B9 /* Copy Pods Resources */ = {
			isa = PBXShellScriptBuildPhase;
			buildActionMask = 2147483647;
			files = (
			);
			inputPaths = (
			);
			name = "Copy Pods Resources";
			outputPaths = (
			);
			runOnlyForDeploymentPostprocessing = 0;
			shellPath = /bin/sh;
			shellScript = "\"${SRCROOT}/Pods/Target Support Files/Pods-SystemPreferenceDemo/Pods-SystemPreferenceDemo-resources.sh\"\n";
			showEnvVarsInLog = 0;
		};
		308957297AA24B650811E083 /* Embed Pods Frameworks */ = {
			isa = PBXShellScriptBuildPhase;
			buildActionMask = 2147483647;
			files = (
			);
			inputPaths = (
			);
			name = "Embed Pods Frameworks";
			outputPaths = (
			);
			runOnlyForDeploymentPostprocessing = 0;
			shellPath = /bin/sh;
			shellScript = "\"${SRCROOT}/Pods/Target Support Files/Pods-SystemPreferenceDemo/Pods-SystemPreferenceDemo-frameworks.sh\"\n";
			showEnvVarsInLog = 0;
		};
		554492647915532A5571CE6B /* Check Pods Manifest.lock */ = {
			isa = PBXShellScriptBuildPhase;
			buildActionMask = 2147483647;
			files = (
			);
			inputPaths = (
			);
			name = "Check Pods Manifest.lock";
			outputPaths = (
			);
			runOnlyForDeploymentPostprocessing = 0;
			shellPath = /bin/sh;
			shellScript = "diff \"${PODS_ROOT}/../Podfile.lock\" \"${PODS_ROOT}/Manifest.lock\" > /dev/null\nif [[ $? != 0 ]] ; then\n    cat << EOM\nerror: The sandbox is not in sync with the Podfile.lock. Run 'pod install' or update your CocoaPods installation.\nEOM\n    exit 1\nfi\n";
			showEnvVarsInLog = 0;
		};
		E248C13981B6725A1C5E04A5 /* Embed Pods Frameworks */ = {
			isa = PBXShellScriptBuildPhase;
			buildActionMask = 2147483647;
			files = (
			);
			inputPaths = (
			);
			name = "Embed Pods Frameworks";
			outputPaths = (
			);
			runOnlyForDeploymentPostprocessing = 0;
			shellPath = /bin/sh;
			shellScript = "\"${SRCROOT}/Pods/Target Support Files/Pods-SystemPreference/Pods-SystemPreference-frameworks.sh\"\n";
			showEnvVarsInLog = 0;
		};
		E26356E5924E48E2AA81EB7C /* Copy Pods Resources */ = {
			isa = PBXShellScriptBuildPhase;
			buildActionMask = 2147483647;
			files = (
			);
			inputPaths = (
			);
			name = "Copy Pods Resources";
			outputPaths = (
			);
			runOnlyForDeploymentPostprocessing = 0;
			shellPath = /bin/sh;
			shellScript = "\"${SRCROOT}/Pods/Target Support Files/Pods-SystemPreference/Pods-SystemPreference-resources.sh\"\n";
			showEnvVarsInLog = 0;
		};
		EE351FA24BFB62D498F7D382 /* Check Pods Manifest.lock */ = {
			isa = PBXShellScriptBuildPhase;
			buildActionMask = 2147483647;
			files = (
			);
			inputPaths = (
			);
			name = "Check Pods Manifest.lock";
			outputPaths = (
			);
			runOnlyForDeploymentPostprocessing = 0;
			shellPath = /bin/sh;
			shellScript = "diff \"${PODS_ROOT}/../Podfile.lock\" \"${PODS_ROOT}/Manifest.lock\" > /dev/null\nif [[ $? != 0 ]] ; then\n    cat << EOM\nerror: The sandbox is not in sync with the Podfile.lock. Run 'pod install' or update your CocoaPods installation.\nEOM\n    exit 1\nfi\n";
			showEnvVarsInLog = 0;
		};
/* End PBXShellScriptBuildPhase section */

/* Begin PBXSourcesBuildPhase section */
		3E36C87E1C17C8380003DF50 /* Sources */ = {
			isa = PBXSourcesBuildPhase;
			buildActionMask = 2147483647;
			files = (
				3E36C8A31C17CA1D0003DF50 /* MKSystemPreferenceCell.m in Sources */,
				3E36C88D1C17C8390003DF50 /* ViewController.m in Sources */,
				3E36C89F1C17C9E20003DF50 /* MKSystemPreferenceListController.m in Sources */,
				3E4B8AEC1C2A41B60018865A /* MKSystemCollectionViewCell.m in Sources */,
				3EEEAFDE1C192F76004DD93E /* MKSystemPreferenceModel.m in Sources */,
				3EEEAFE11C192FA4004DD93E /* MKSystemPreferenceItem.m in Sources */,
				3E36C88A1C17C8390003DF50 /* AppDelegate.m in Sources */,
				3E36C8871C17C8390003DF50 /* main.m in Sources */,
				3EA590211C2D2DFD00DEFFA9 /* MKCustomButton.m in Sources */,
				3E4B8AF11C2A41D20018865A /* MKSystemCollectionViewController.m in Sources */,
			);
			runOnlyForDeploymentPostprocessing = 0;
		};
		3E36C8A71C1808EF0003DF50 /* Sources */ = {
			isa = PBXSourcesBuildPhase;
			buildActionMask = 2147483647;
			files = (
				3EEEAFE31C19571D004DD93E /* MKSystemPreferenceModel.m in Sources */,
				3EEEAFE21C19571B004DD93E /* MKSystemPreferenceItem.m in Sources */,
				3EA590221C2D2DFD00DEFFA9 /* MKCustomButton.m in Sources */,
				3E36C8B21C1808EF0003DF50 /* TodayViewController.m in Sources */,
			);
			runOnlyForDeploymentPostprocessing = 0;
		};
/* End PBXSourcesBuildPhase section */

/* Begin PBXTargetDependency section */
		3E36C8B81C1808EF0003DF50 /* PBXTargetDependency */ = {
			isa = PBXTargetDependency;
			target = 3E36C8AA1C1808EF0003DF50 /* SystemPreference */;
			targetProxy = 3E36C8B71C1808EF0003DF50 /* PBXContainerItemProxy */;
		};
/* End PBXTargetDependency section */

/* Begin PBXVariantGroup section */
		3E36C88E1C17C8390003DF50 /* Main.storyboard */ = {
			isa = PBXVariantGroup;
			children = (
				3E36C88F1C17C8390003DF50 /* Base */,
			);
			name = Main.storyboard;
			sourceTree = "<group>";
		};
		3E36C8931C17C8390003DF50 /* LaunchScreen.storyboard */ = {
			isa = PBXVariantGroup;
			children = (
				3E36C8941C17C8390003DF50 /* Base */,
			);
			name = LaunchScreen.storyboard;
			sourceTree = "<group>";
		};
		3E36C8B31C1808EF0003DF50 /* MainInterface.storyboard */ = {
			isa = PBXVariantGroup;
			children = (
				3E36C8B41C1808EF0003DF50 /* Base */,
			);
			name = MainInterface.storyboard;
			sourceTree = "<group>";
		};
/* End PBXVariantGroup section */

/* Begin XCBuildConfiguration section */
		3E36C8971C17C8390003DF50 /* Debug */ = {
			isa = XCBuildConfiguration;
			buildSettings = {
				ALWAYS_SEARCH_USER_PATHS = NO;
				CLANG_CXX_LANGUAGE_STANDARD = "gnu++0x";
				CLANG_CXX_LIBRARY = "libc++";
				CLANG_ENABLE_MODULES = YES;
				CLANG_ENABLE_OBJC_ARC = YES;
				CLANG_WARN_BOOL_CONVERSION = YES;
				CLANG_WARN_CONSTANT_CONVERSION = YES;
				CLANG_WARN_DIRECT_OBJC_ISA_USAGE = YES_ERROR;
				CLANG_WARN_EMPTY_BODY = YES;
				CLANG_WARN_ENUM_CONVERSION = YES;
				CLANG_WARN_INT_CONVERSION = YES;
				CLANG_WARN_OBJC_ROOT_CLASS = YES_ERROR;
				CLANG_WARN_UNREACHABLE_CODE = YES;
				CLANG_WARN__DUPLICATE_METHOD_MATCH = YES;
				CODE_SIGN_IDENTITY = "iPhone Developer";
				"CODE_SIGN_IDENTITY[sdk=iphoneos*]" = "iPhone Developer";
				COPY_PHASE_STRIP = NO;
				DEBUG_INFORMATION_FORMAT = dwarf;
				ENABLE_STRICT_OBJC_MSGSEND = YES;
				ENABLE_TESTABILITY = YES;
				GCC_C_LANGUAGE_STANDARD = gnu99;
				GCC_DYNAMIC_NO_PIC = NO;
				GCC_NO_COMMON_BLOCKS = YES;
				GCC_OPTIMIZATION_LEVEL = 0;
				GCC_PREPROCESSOR_DEFINITIONS = (
					"DEBUG=1",
					"$(inherited)",
				);
				GCC_WARN_64_TO_32_BIT_CONVERSION = YES;
				GCC_WARN_ABOUT_RETURN_TYPE = YES_ERROR;
				GCC_WARN_UNDECLARED_SELECTOR = YES;
				GCC_WARN_UNINITIALIZED_AUTOS = YES_AGGRESSIVE;
				GCC_WARN_UNUSED_FUNCTION = YES;
				GCC_WARN_UNUSED_VARIABLE = YES;
				IPHONEOS_DEPLOYMENT_TARGET = 9.1;
				MTL_ENABLE_DEBUG_INFO = YES;
				ONLY_ACTIVE_ARCH = YES;
				SDKROOT = iphoneos;
			};
			name = Debug;
		};
		3E36C8981C17C8390003DF50 /* Release */ = {
			isa = XCBuildConfiguration;
			buildSettings = {
				ALWAYS_SEARCH_USER_PATHS = NO;
				CLANG_CXX_LANGUAGE_STANDARD = "gnu++0x";
				CLANG_CXX_LIBRARY = "libc++";
				CLANG_ENABLE_MODULES = YES;
				CLANG_ENABLE_OBJC_ARC = YES;
				CLANG_WARN_BOOL_CONVERSION = YES;
				CLANG_WARN_CONSTANT_CONVERSION = YES;
				CLANG_WARN_DIRECT_OBJC_ISA_USAGE = YES_ERROR;
				CLANG_WARN_EMPTY_BODY = YES;
				CLANG_WARN_ENUM_CONVERSION = YES;
				CLANG_WARN_INT_CONVERSION = YES;
				CLANG_WARN_OBJC_ROOT_CLASS = YES_ERROR;
				CLANG_WARN_UNREACHABLE_CODE = YES;
				CLANG_WARN__DUPLICATE_METHOD_MATCH = YES;
				CODE_SIGN_IDENTITY = "iPhone Developer";
				"CODE_SIGN_IDENTITY[sdk=iphoneos*]" = "iPhone Developer";
				COPY_PHASE_STRIP = NO;
				DEBUG_INFORMATION_FORMAT = "dwarf-with-dsym";
				ENABLE_NS_ASSERTIONS = NO;
				ENABLE_STRICT_OBJC_MSGSEND = YES;
				GCC_C_LANGUAGE_STANDARD = gnu99;
				GCC_NO_COMMON_BLOCKS = YES;
				GCC_WARN_64_TO_32_BIT_CONVERSION = YES;
				GCC_WARN_ABOUT_RETURN_TYPE = YES_ERROR;
				GCC_WARN_UNDECLARED_SELECTOR = YES;
				GCC_WARN_UNINITIALIZED_AUTOS = YES_AGGRESSIVE;
				GCC_WARN_UNUSED_FUNCTION = YES;
				GCC_WARN_UNUSED_VARIABLE = YES;
				IPHONEOS_DEPLOYMENT_TARGET = 9.1;
				MTL_ENABLE_DEBUG_INFO = NO;
				SDKROOT = iphoneos;
				VALIDATE_PRODUCT = YES;
			};
			name = Release;
		};
		3E36C89A1C17C8390003DF50 /* Debug */ = {
			isa = XCBuildConfiguration;
			baseConfigurationReference = FD342EA76930D1F84E666A39 /* Pods-SystemPreferenceDemo.debug.xcconfig */;
			buildSettings = {
				ASSETCATALOG_COMPILER_APPICON_NAME = AppIcon;
				CODE_SIGN_ENTITLEMENTS = SystemPreferenceDemo/SystemPreferenceDemo.entitlements;
				CODE_SIGN_IDENTITY = "iPhone Developer";
				"CODE_SIGN_IDENTITY[sdk=iphoneos*]" = "iPhone Developer";
				INFOPLIST_FILE = SystemPreferenceDemo/Info.plist;
				IPHONEOS_DEPLOYMENT_TARGET = 8.1;
				LD_RUNPATH_SEARCH_PATHS = "$(inherited) @executable_path/Frameworks";
				PRODUCT_BUNDLE_IDENTIFIER = com.xburner.SystemPreferenceDemo;
				PRODUCT_NAME = "$(TARGET_NAME)";
				PROVISIONING_PROFILE = "";
			};
			name = Debug;
		};
		3E36C89B1C17C8390003DF50 /* Release */ = {
			isa = XCBuildConfiguration;
			baseConfigurationReference = 46799EDD4BD3BD5A420440E4 /* Pods-SystemPreferenceDemo.release.xcconfig */;
			buildSettings = {
				ASSETCATALOG_COMPILER_APPICON_NAME = AppIcon;
				CODE_SIGN_ENTITLEMENTS = SystemPreferenceDemo/SystemPreferenceDemo.entitlements;
				CODE_SIGN_IDENTITY = "iPhone Developer";
				"CODE_SIGN_IDENTITY[sdk=iphoneos*]" = "iPhone Developer";
				INFOPLIST_FILE = SystemPreferenceDemo/Info.plist;
				IPHONEOS_DEPLOYMENT_TARGET = 8.1;
				LD_RUNPATH_SEARCH_PATHS = "$(inherited) @executable_path/Frameworks";
				PRODUCT_BUNDLE_IDENTIFIER = com.xburner.SystemPreferenceDemo;
				PRODUCT_NAME = "$(TARGET_NAME)";
				PROVISIONING_PROFILE = "";
			};
			name = Release;
		};
		3E36C8BB1C1808EF0003DF50 /* Debug */ = {
			isa = XCBuildConfiguration;
			baseConfigurationReference = 19F7EB69ED2952C6B6EEBBB3 /* Pods-SystemPreference.debug.xcconfig */;
			buildSettings = {
				CODE_SIGN_ENTITLEMENTS = SystemPreference/SystemPreference.entitlements;
				CODE_SIGN_IDENTITY = "iPhone Developer";
				"CODE_SIGN_IDENTITY[sdk=iphoneos*]" = "iPhone Developer";
				INFOPLIST_FILE = SystemPreference/Info.plist;
				LD_RUNPATH_SEARCH_PATHS = "$(inherited) @executable_path/Frameworks @executable_path/../../Frameworks";
				PRODUCT_BUNDLE_IDENTIFIER = com.xburner.SystemPreferenceDemo.SystemPreference;
				PRODUCT_NAME = "$(TARGET_NAME)";
				PROVISIONING_PROFILE = "";
				SKIP_INSTALL = YES;
			};
			name = Debug;
		};
		3E36C8BC1C1808EF0003DF50 /* Release */ = {
			isa = XCBuildConfiguration;
			baseConfigurationReference = 92EEADCA53FD9161A6531D70 /* Pods-SystemPreference.release.xcconfig */;
			buildSettings = {
				CODE_SIGN_ENTITLEMENTS = SystemPreference/SystemPreference.entitlements;
				CODE_SIGN_IDENTITY = "iPhone Developer";
				"CODE_SIGN_IDENTITY[sdk=iphoneos*]" = "iPhone Developer";
				INFOPLIST_FILE = SystemPreference/Info.plist;
				LD_RUNPATH_SEARCH_PATHS = "$(inherited) @executable_path/Frameworks @executable_path/../../Frameworks";
				PRODUCT_BUNDLE_IDENTIFIER = com.xburner.SystemPreferenceDemo.SystemPreference;
				PRODUCT_NAME = "$(TARGET_NAME)";
				PROVISIONING_PROFILE = "";
				SKIP_INSTALL = YES;
			};
			name = Release;
		};
/* End XCBuildConfiguration section */

/* Begin XCConfigurationList section */
		3E36C87D1C17C8380003DF50 /* Build configuration list for PBXProject "SystemPreferenceDemo" */ = {
			isa = XCConfigurationList;
			buildConfigurations = (
				3E36C8971C17C8390003DF50 /* Debug */,
				3E36C8981C17C8390003DF50 /* Release */,
			);
			defaultConfigurationIsVisible = 0;
			defaultConfigurationName = Release;
		};
		3E36C8991C17C8390003DF50 /* Build configuration list for PBXNativeTarget "SystemPreferenceDemo" */ = {
			isa = XCConfigurationList;
			buildConfigurations = (
				3E36C89A1C17C8390003DF50 /* Debug */,
				3E36C89B1C17C8390003DF50 /* Release */,
			);
			defaultConfigurationIsVisible = 0;
			defaultConfigurationName = Release;
		};
		3E36C8BA1C1808EF0003DF50 /* Build configuration list for PBXNativeTarget "SystemPreference" */ = {
			isa = XCConfigurationList;
			buildConfigurations = (
				3E36C8BB1C1808EF0003DF50 /* Debug */,
				3E36C8BC1C1808EF0003DF50 /* Release */,
			);
			defaultConfigurationIsVisible = 0;
			defaultConfigurationName = Release;
		};
/* End XCConfigurationList section */
	};
	rootObject = 3E36C87A1C17C8380003DF50 /* Project object */;
}
